# This file is automatically @generated by Cargo.
# It is not intended for manual editing.
version = 3

[[package]]
name = "http_request_parser"
version = "0.2.0"
source = "registry+https://github.com/rust-lang/crates.io-index"
checksum = "60d854b32d24f750c286191506730ad01771d7bb9a08954348d21b8a42a34f1c"

[[package]]
name = "tcp-server"
version = "0.1.0"
dependencies = [
 "http_request_parser",
]
